
Microsoft Visual Studio Solution File, Format Version 12.00
# Visual Studio Version 17
VisualStudioVersion = 17.14.36616.10 d17.14
MinimumVisualStudioVersion = 10.0.40219.1
Project("{FAE04EC0-301F-11D3-BF4B-00C04F79EFBC}") = "Ejercicio2", "Ejercicio2.csproj", "{D86B7378-7933-4F41-B4AE-E555DF937582}"
EndProject
Global
	GlobalSection(SolutionConfigurationPlatforms) = preSolution
		Debug|Any CPU = Debug|Any CPU
		Release|Any CPU = Release|Any CPU
	EndGlobalSection
	GlobalSection(ProjectConfigurationPlatforms) = postSolution
		{D86B7378-7933-4F41-B4AE-E555DF937582}.Debug|Any CPU.ActiveCfg = Debug|Any CPU
		{D86B7378-7933-4F41-B4AE-E555DF937582}.Debug|Any CPU.Build.0 = Debug|Any CPU
		{D86B7378-7933-4F41-B4AE-E555DF937582}.Release|Any CPU.ActiveCfg = Release|Any CPU
		{D86B7378-7933-4F41-B4AE-E555DF937582}.Release|Any CPU.Build.0 = Release|Any CPU
	EndGlobalSection
	GlobalSection(SolutionProperties) = preSolution
		HideSolutionNode = FALSE
	EndGlobalSection
	GlobalSection(ExtensibilityGlobals) = postSolution
		SolutionGuid = {38DACA14-7347-47DD-906F-17E7D775B576}
	EndGlobalSection
EndGlobal
