
Microsoft Visual Studio Solution File, Format Version 12.00
# Visual Studio Version 17
VisualStudioVersion = 17.14.36616.10 d17.14
MinimumVisualStudioVersion = 10.0.40219.1
Project("{FAE04EC0-301F-11D3-BF4B-00C04F79EFBC}") = "Ejercicio5", "Ejercicio5.csproj", "{310857B1-0DBB-4FD1-9C14-D8CF62784CDD}"
EndProject
Global
	GlobalSection(SolutionConfigurationPlatforms) = preSolution
		Debug|Any CPU = Debug|Any CPU
		Release|Any CPU = Release|Any CPU
	EndGlobalSection
	GlobalSection(ProjectConfigurationPlatforms) = postSolution
		{310857B1-0DBB-4FD1-9C14-D8CF62784CDD}.Debug|Any CPU.ActiveCfg = Debug|Any CPU
		{310857B1-0DBB-4FD1-9C14-D8CF62784CDD}.Debug|Any CPU.Build.0 = Debug|Any CPU
		{310857B1-0DBB-4FD1-9C14-D8CF62784CDD}.Release|Any CPU.ActiveCfg = Release|Any CPU
		{310857B1-0DBB-4FD1-9C14-D8CF62784CDD}.Release|Any CPU.Build.0 = Release|Any CPU
	EndGlobalSection
	GlobalSection(SolutionProperties) = preSolution
		HideSolutionNode = FALSE
	EndGlobalSection
	GlobalSection(ExtensibilityGlobals) = postSolution
		SolutionGuid = {60ED1BD0-E641-487B-B758-03CAD35AB1ED}
	EndGlobalSection
EndGlobal
