
Microsoft Visual Studio Solution File, Format Version 12.00
# Visual Studio Version 17
VisualStudioVersion = 17.14.36616.10 d17.14
MinimumVisualStudioVersion = 10.0.40219.1
Project("{FAE04EC0-301F-11D3-BF4B-00C04F79EFBC}") = "Ejercicio10", "Ejercicio10.csproj", "{52AD382F-6DE5-4254-BC50-E2B4D15C2D6E}"
EndProject
Global
	GlobalSection(SolutionConfigurationPlatforms) = preSolution
		Debug|Any CPU = Debug|Any CPU
		Release|Any CPU = Release|Any CPU
	EndGlobalSection
	GlobalSection(ProjectConfigurationPlatforms) = postSolution
		{52AD382F-6DE5-4254-BC50-E2B4D15C2D6E}.Debug|Any CPU.ActiveCfg = Debug|Any CPU
		{52AD382F-6DE5-4254-BC50-E2B4D15C2D6E}.Debug|Any CPU.Build.0 = Debug|Any CPU
		{52AD382F-6DE5-4254-BC50-E2B4D15C2D6E}.Release|Any CPU.ActiveCfg = Release|Any CPU
		{52AD382F-6DE5-4254-BC50-E2B4D15C2D6E}.Release|Any CPU.Build.0 = Release|Any CPU
	EndGlobalSection
	GlobalSection(SolutionProperties) = preSolution
		HideSolutionNode = FALSE
	EndGlobalSection
	GlobalSection(ExtensibilityGlobals) = postSolution
		SolutionGuid = {A3FE6B0E-E423-411A-9ACE-FE69E6334F3E}
	EndGlobalSection
EndGlobal
